
Microsoft Visual Studio Solution File, Format Version 12.00
# Visual Studio Version 17
VisualStudioVersion = 17.9.34728.123
MinimumVisualStudioVersion = 10.0.40219.1
Project("{FAE04EC0-301F-11D3-BF4B-00C04F79EFBC}") = "problema9", "problema9\problema9.csproj", "{84A09679-5C6C-4028-BD4A-E0ADE89E6D1E}"
EndProject
Global
	GlobalSection(SolutionConfigurationPlatforms) = preSolution
		Debug|Any CPU = Debug|Any CPU
		Release|Any CPU = Release|Any CPU
	EndGlobalSection
	GlobalSection(ProjectConfigurationPlatforms) = postSolution
		{84A09679-5C6C-4028-BD4A-E0ADE89E6D1E}.Debug|Any CPU.ActiveCfg = Debug|Any CPU
		{84A09679-5C6C-4028-BD4A-E0ADE89E6D1E}.Debug|Any CPU.Build.0 = Debug|Any CPU
		{84A09679-5C6C-4028-BD4A-E0ADE89E6D1E}.Release|Any CPU.ActiveCfg = Release|Any CPU
		{84A09679-5C6C-4028-BD4A-E0ADE89E6D1E}.Release|Any CPU.Build.0 = Release|Any CPU
	EndGlobalSection
	GlobalSection(SolutionProperties) = preSolution
		HideSolutionNode = FALSE
	EndGlobalSection
	GlobalSection(ExtensibilityGlobals) = postSolution
		SolutionGuid = {E7576FDD-B122-402D-B309-B4A20D1A7421}
	EndGlobalSection
EndGlobal
